
Microsoft Visual Studio Solution File, Format Version 12.00
# Visual Studio Version 17
VisualStudioVersion = 17.7.34221.43
MinimumVisualStudioVersion = 10.0.40219.1
Project("{FAE04EC0-301F-11D3-BF4B-00C04F79EFBC}") = "Estudiantes", "Estudiantes\Estudiantes.csproj", "{6A556025-0825-4421-A99B-0058610AB63E}"
EndProject
Project("{FAE04EC0-301F-11D3-BF4B-00C04F79EFBC}") = "Data", "Data\Data.csproj", "{C5A69175-5DDD-4793-BBF5-7362DE8A2CC8}"
EndProject
Project("{FAE04EC0-301F-11D3-BF4B-00C04F79EFBC}") = "Logica", "Logica\Logica.csproj", "{13A1EC89-B5F3-459A-A0D7-DDE286039D47}"
EndProject
Global
	GlobalSection(SolutionConfigurationPlatforms) = preSolution
		Debug|Any CPU = Debug|Any CPU
		Release|Any CPU = Release|Any CPU
	EndGlobalSection
	GlobalSection(ProjectConfigurationPlatforms) = postSolution
		{6A556025-0825-4421-A99B-0058610AB63E}.Debug|Any CPU.ActiveCfg = Debug|Any CPU
		{6A556025-0825-4421-A99B-0058610AB63E}.Debug|Any CPU.Build.0 = Debug|Any CPU
		{6A556025-0825-4421-A99B-0058610AB63E}.Release|Any CPU.ActiveCfg = Release|Any CPU
		{6A556025-0825-4421-A99B-0058610AB63E}.Release|Any CPU.Build.0 = Release|Any CPU
		{C5A69175-5DDD-4793-BBF5-7362DE8A2CC8}.Debug|Any CPU.ActiveCfg = Debug|Any CPU
		{C5A69175-5DDD-4793-BBF5-7362DE8A2CC8}.Debug|Any CPU.Build.0 = Debug|Any CPU
		{C5A69175-5DDD-4793-BBF5-7362DE8A2CC8}.Release|Any CPU.ActiveCfg = Release|Any CPU
		{C5A69175-5DDD-4793-BBF5-7362DE8A2CC8}.Release|Any CPU.Build.0 = Release|Any CPU
		{13A1EC89-B5F3-459A-A0D7-DDE286039D47}.Debug|Any CPU.ActiveCfg = Debug|Any CPU
		{13A1EC89-B5F3-459A-A0D7-DDE286039D47}.Debug|Any CPU.Build.0 = Debug|Any CPU
		{13A1EC89-B5F3-459A-A0D7-DDE286039D47}.Release|Any CPU.ActiveCfg = Release|Any CPU
		{13A1EC89-B5F3-459A-A0D7-DDE286039D47}.Release|Any CPU.Build.0 = Release|Any CPU
	EndGlobalSection
	GlobalSection(SolutionProperties) = preSolution
		HideSolutionNode = FALSE
	EndGlobalSection
	GlobalSection(ExtensibilityGlobals) = postSolution
		SolutionGuid = {0116D9C3-4A08-4068-B16C-A7BA898FA82B}
	EndGlobalSection
EndGlobal
